
Microsoft Visual Studio Solution File, Format Version 12.00
# Visual Studio 15
VisualStudioVersion = 15.0.27428.2037
MinimumVisualStudioVersion = 10.0.40219.1
Project("{FAE04EC0-301F-11D3-BF4B-00C04F79EFBC}") = "aracyedekparca", "aracyedekparca\aracyedekparca.csproj", "{BA6F5404-DB53-4F14-BBA9-0637F5DC8D0B}"
EndProject
Global
	GlobalSection(SolutionConfigurationPlatforms) = preSolution
		Debug|Any CPU = Debug|Any CPU
		Release|Any CPU = Release|Any CPU
	EndGlobalSection
	GlobalSection(ProjectConfigurationPlatforms) = postSolution
		{BA6F5404-DB53-4F14-BBA9-0637F5DC8D0B}.Debug|Any CPU.ActiveCfg = Debug|Any CPU
		{BA6F5404-DB53-4F14-BBA9-0637F5DC8D0B}.Debug|Any CPU.Build.0 = Debug|Any CPU
		{BA6F5404-DB53-4F14-BBA9-0637F5DC8D0B}.Release|Any CPU.ActiveCfg = Release|Any CPU
		{BA6F5404-DB53-4F14-BBA9-0637F5DC8D0B}.Release|Any CPU.Build.0 = Release|Any CPU
	EndGlobalSection
	GlobalSection(SolutionProperties) = preSolution
		HideSolutionNode = FALSE
	EndGlobalSection
	GlobalSection(ExtensibilityGlobals) = postSolution
		SolutionGuid = {2C0A598E-0486-45A4-840E-291F97E92287}
	EndGlobalSection
EndGlobal
